// !$*UTF8*$!
{
	archiveVersion = 1;
	classes = {
	};
	objectVersion = 56;
	objects = {

/* Begin PBXBuildFile section */
		4B190BA82C77AEF9004083B4 /* AppDelegate.swift in Sources */ = {isa = PBXBuildFile; fileRef = 4B190BA72C77AEF9004083B4 /* AppDelegate.swift */; };
		4B190BAA2C77AEF9004083B4 /* SceneDelegate.swift in Sources */ = {isa = PBXBuildFile; fileRef = 4B190BA92C77AEF9004083B4 /* SceneDelegate.swift */; };
		4B190BAC2C77AEF9004083B4 /* ViewController.swift in Sources */ = {isa = PBXBuildFile; fileRef = 4B190BAB2C77AEF9004083B4 /* ViewController.swift */; };
		4B190BAF2C77AEF9004083B4 /* Base in Resources */ = {isa = PBXBuildFile; fileRef = 4B190BAE2C77AEF9004083B4 /* Base */; };
		4B190BB12C77AEFB004083B4 /* Assets.xcassets in Resources */ = {isa = PBXBuildFile; fileRef = 4B190BB02C77AEFB004083B4 /* Assets.xcassets */; };
		4B190BB42C77AEFB004083B4 /* Base in Resources */ = {isa = PBXBuildFile; fileRef = 4B190BB32C77AEFB004083B4 /* Base */; };
		4B190BBF2C77AEFB004083B4 /* iOSTecAppTests.swift in Sources */ = {isa = PBXBuildFile; fileRef = 4B190BBE2C77AEFB004083B4 /* iOSTecAppTests.swift */; };
		4B190BC92C77AEFB004083B4 /* iOSTecAppUITests.swift in Sources */ = {isa = PBXBuildFile; fileRef = 4B190BC82C77AEFB004083B4 /* iOSTecAppUITests.swift */; };
		4B190BCB2C77AEFB004083B4 /* iOSTecAppUITestsLaunchTests.swift in Sources */ = {isa = PBXBuildFile; fileRef = 4B190BCA2C77AEFB004083B4 /* iOSTecAppUITestsLaunchTests.swift */; };
/* End PBXBuildFile section */

/* Begin PBXContainerItemProxy section */
		4B190BBB2C77AEFB004083B4 /* PBXContainerItemProxy */ = {
			isa = PBXContainerItemProxy;
			containerPortal = 4B190B9C2C77AEF9004083B4 /* Project object */;
			proxyType = 1;
			remoteGlobalIDString = 4B190BA32C77AEF9004083B4;
			remoteInfo = iOSTecApp;
		};
		4B190BC52C77AEFB004083B4 /* PBXContainerItemProxy */ = {
			isa = PBXContainerItemProxy;
			containerPortal = 4B190B9C2C77AEF9004083B4 /* Project object */;
			proxyType = 1;
			remoteGlobalIDString = 4B190BA32C77AEF9004083B4;
			remoteInfo = iOSTecApp;
		};
/* End PBXContainerItemProxy section */

/* Begin PBXFileReference section */
		4B190BA42C77AEF9004083B4 /* iOSTecApp.app */ = {isa = PBXFileReference; explicitFileType = wrapper.application; includeInIndex = 0; path = iOSTecApp.app; sourceTree = BUILT_PRODUCTS_DIR; };
		4B190BA72C77AEF9004083B4 /* AppDelegate.swift */ = {isa = PBXFileReference; lastKnownFileType = sourcecode.swift; path = AppDelegate.swift; sourceTree = "<group>"; };
		4B190BA92C77AEF9004083B4 /* SceneDelegate.swift */ = {isa = PBXFileReference; lastKnownFileType = sourcecode.swift; path = SceneDelegate.swift; sourceTree = "<group>"; };
		4B190BAB2C77AEF9004083B4 /* ViewController.swift */ = {isa = PBXFileReference; lastKnownFileType = sourcecode.swift; path = ViewController.swift; sourceTree = "<group>"; };
		4B190BAE2C77AEF9004083B4 /* Base */ = {isa = PBXFileReference; lastKnownFileType = file.storyboard; name = Base; path = Base.lproj/Main.storyboard; sourceTree = "<group>"; };
		4B190BB02C77AEFB004083B4 /* Assets.xcassets */ = {isa = PBXFileReference; lastKnownFileType = folder.assetcatalog; path = Assets.xcassets; sourceTree = "<group>"; };
		4B190BB32C77AEFB004083B4 /* Base */ = {isa = PBXFileReference; lastKnownFileType = file.storyboard; name = Base; path = Base.lproj/LaunchScreen.storyboard; sourceTree = "<group>"; };
		4B190BB52C77AEFB004083B4 /* Info.plist */ = {isa = PBXFileReference; lastKnownFileType = text.plist.xml; path = Info.plist; sourceTree = "<group>"; };
		4B190BBA2C77AEFB004083B4 /* iOSTecAppTests.xctest */ = {isa = PBXFileReference; explicitFileType = wrapper.cfbundle; includeInIndex = 0; path = iOSTecAppTests.xctest; sourceTree = BUILT_PRODUCTS_DIR; };
		4B190BBE2C77AEFB004083B4 /* iOSTecAppTests.swift */ = {isa = PBXFileReference; lastKnownFileType = sourcecode.swift; path = iOSTecAppTests.swift; sourceTree = "<group>"; };
		4B190BC42C77AEFB004083B4 /* iOSTecAppUITests.xctest */ = {isa = PBXFileReference; explicitFileType = wrapper.cfbundle; includeInIndex = 0; path = iOSTecAppUITests.xctest; sourceTree = BUILT_PRODUCTS_DIR; };
		4B190BC82C77AEFB004083B4 /* iOSTecAppUITests.swift */ = {isa = PBXFileReference; lastKnownFileType = sourcecode.swift; path = iOSTecAppUITests.swift; sourceTree = "<group>"; };
		4B190BCA2C77AEFB004083B4 /* iOSTecAppUITestsLaunchTests.swift */ = {isa = PBXFileReference; lastKnownFileType = sourcecode.swift; path = iOSTecAppUITestsLaunchTests.swift; sourceTree = "<group>"; };
/* End PBXFileReference section */

/* Begin PBXFrameworksBuildPhase section */
		4B190BA12C77AEF9004083B4 /* Frameworks */ = {
			isa = PBXFrameworksBuildPhase;
			buildActionMask = 2147483647;
			files = (
			);
			runOnlyForDeploymentPostprocessing = 0;
		};
		4B190BB72C77AEFB004083B4 /* Frameworks */ = {
			isa = PBXFrameworksBuildPhase;
			buildActionMask = 2147483647;
			files = (
			);
			runOnlyForDeploymentPostprocessing = 0;
		};
		4B190BC12C77AEFB004083B4 /* Frameworks */ = {
			isa = PBXFrameworksBuildPhase;
			buildActionMask = 2147483647;
			files = (
			);
			runOnlyForDeploymentPostprocessing = 0;
		};
/* End PBXFrameworksBuildPhase section */

/* Begin PBXGroup section */
		4B190B9B2C77AEF9004083B4 = {
			isa = PBXGroup;
			children = (
				4B190BA62C77AEF9004083B4 /* iOSTecApp */,
				4B190BBD2C77AEFB004083B4 /* iOSTecAppTests */,
				4B190BC72C77AEFB004083B4 /* iOSTecAppUITests */,
				4B190BA52C77AEF9004083B4 /* Products */,
			);
			sourceTree = "<group>";
		};
		4B190BA52C77AEF9004083B4 /* Products */ = {
			isa = PBXGroup;
			children = (
				4B190BA42C77AEF9004083B4 /* iOSTecApp.app */,
				4B190BBA2C77AEFB004083B4 /* iOSTecAppTests.xctest */,
				4B190BC42C77AEFB004083B4 /* iOSTecAppUITests.xctest */,
			);
			name = Products;
			sourceTree = "<group>";
		};
		4B190BA62C77AEF9004083B4 /* iOSTecApp */ = {
			isa = PBXGroup;
			children = (
				4B190BA72C77AEF9004083B4 /* AppDelegate.swift */,
				4B190BA92C77AEF9004083B4 /* SceneDelegate.swift */,
				4B190BAB2C77AEF9004083B4 /* ViewController.swift */,
				4B190BAD2C77AEF9004083B4 /* Main.storyboard */,
				4B190BB02C77AEFB004083B4 /* Assets.xcassets */,
				4B190BB22C77AEFB004083B4 /* LaunchScreen.storyboard */,
				4B190BB52C77AEFB004083B4 /* Info.plist */,
			);
			path = iOSTecApp;
			sourceTree = "<group>";
		};
		4B190BBD2C77AEFB004083B4 /* iOSTecAppTests */ = {
			isa = PBXGroup;
			children = (
				4B190BBE2C77AEFB004083B4 /* iOSTecAppTests.swift */,
			);
			path = iOSTecAppTests;
			sourceTree = "<group>";
		};
		4B190BC72C77AEFB004083B4 /* iOSTecAppUITests */ = {
			isa = PBXGroup;
			children = (
				4B190BC82C77AEFB004083B4 /* iOSTecAppUITests.swift */,
				4B190BCA2C77AEFB004083B4 /* iOSTecAppUITestsLaunchTests.swift */,
			);
			path = iOSTecAppUITests;
			sourceTree = "<group>";
		};
/* End PBXGroup section */

/* Begin PBXNativeTarget section */
		4B190BA32C77AEF9004083B4 /* iOSTecApp */ = {
			isa = PBXNativeTarget;
			buildConfigurationList = 4B190BCE2C77AEFB004083B4 /* Build configuration list for PBXNativeTarget "iOSTecApp" */;
			buildPhases = (
				4B190BA02C77AEF9004083B4 /* Sources */,
				4B190BA12C77AEF9004083B4 /* Frameworks */,
				4B190BA22C77AEF9004083B4 /* Resources */,
			);
			buildRules = (
			);
			dependencies = (
			);
			name = iOSTecApp;
			productName = iOSTecApp;
			productReference = 4B190BA42C77AEF9004083B4 /* iOSTecApp.app */;
			productType = "com.apple.product-type.application";
		};
		4B190BB92C77AEFB004083B4 /* iOSTecAppTests */ = {
			isa = PBXNativeTarget;
			buildConfigurationList = 4B190BD12C77AEFB004083B4 /* Build configuration list for PBXNativeTarget "iOSTecAppTests" */;
			buildPhases = (
				4B190BB62C77AEFB004083B4 /* Sources */,
				4B190BB72C77AEFB004083B4 /* Frameworks */,
				4B190BB82C77AEFB004083B4 /* Resources */,
			);
			buildRules = (
			);
			dependencies = (
				4B190BBC2C77AEFB004083B4 /* PBXTargetDependency */,
			);
			name = iOSTecAppTests;
			productName = iOSTecAppTests;
			productReference = 4B190BBA2C77AEFB004083B4 /* iOSTecAppTests.xctest */;
			productType = "com.apple.product-type.bundle.unit-test";
		};
		4B190BC32C77AEFB004083B4 /* iOSTecAppUITests */ = {
			isa = PBXNativeTarget;
			buildConfigurationList = 4B190BD42C77AEFB004083B4 /* Build configuration list for PBXNativeTarget "iOSTecAppUITests" */;
			buildPhases = (
				4B190BC02C77AEFB004083B4 /* Sources */,
				4B190BC12C77AEFB004083B4 /* Frameworks */,
				4B190BC22C77AEFB004083B4 /* Resources */,
			);
			buildRules = (
			);
			dependencies = (
				4B190BC62C77AEFB004083B4 /* PBXTargetDependency */,
			);
			name = iOSTecAppUITests;
			productName = iOSTecAppUITests;
			productReference = 4B190BC42C77AEFB004083B4 /* iOSTecAppUITests.xctest */;
			productType = "com.apple.product-type.bundle.ui-testing";
		};
/* End PBXNativeTarget section */

/* Begin PBXProject section */
		4B190B9C2C77AEF9004083B4 /* Project object */ = {
			isa = PBXProject;
			attributes = {
				BuildIndependentTargetsInParallel = 1;
				LastSwiftUpdateCheck = 1540;
				LastUpgradeCheck = 1540;
				TargetAttributes = {
					4B190BA32C77AEF9004083B4 = {
						CreatedOnToolsVersion = 15.4;
					};
					4B190BB92C77AEFB004083B4 = {
						CreatedOnToolsVersion = 15.4;
						TestTargetID = 4B190BA32C77AEF9004083B4;
					};
					4B190BC32C77AEFB004083B4 = {
						CreatedOnToolsVersion = 15.4;
						TestTargetID = 4B190BA32C77AEF9004083B4;
					};
				};
			};
			buildConfigurationList = 4B190B9F2C77AEF9004083B4 /* Build configuration list for PBXProject "iOSTecApp" */;
			compatibilityVersion = "Xcode 14.0";
			developmentRegion = en;
			hasScannedForEncodings = 0;
			knownRegions = (
				en,
				Base,
			);
			mainGroup = 4B190B9B2C77AEF9004083B4;
			productRefGroup = 4B190BA52C77AEF9004083B4 /* Products */;
			projectDirPath = "";
			projectRoot = "";
			targets = (
				4B190BA32C77AEF9004083B4 /* iOSTecApp */,
				4B190BB92C77AEFB004083B4 /* iOSTecAppTests */,
				4B190BC32C77AEFB004083B4 /* iOSTecAppUITests */,
			);
		};
/* End PBXProject section */

/* Begin PBXResourcesBuildPhase section */
		4B190BA22C77AEF9004083B4 /* Resources */ = {
			isa = PBXResourcesBuildPhase;
			buildActionMask = 2147483647;
			files = (
				4B190BB12C77AEFB004083B4 /* Assets.xcassets in Resources */,
				4B190BB42C77AEFB004083B4 /* Base in Resources */,
				4B190BAF2C77AEF9004083B4 /* Base in Resources */,
			);
			runOnlyForDeploymentPostprocessing = 0;
		};
		4B190BB82C77AEFB004083B4 /* Resources */ = {
			isa = PBXResourcesBuildPhase;
			buildActionMask = 2147483647;
			files = (
			);
			runOnlyForDeploymentPostprocessing = 0;
		};
		4B190BC22C77AEFB004083B4 /* Resources */ = {
			isa = PBXResourcesBuildPhase;
			buildActionMask = 2147483647;
			files = (
			);
			runOnlyForDeploymentPostprocessing = 0;
		};
/* End PBXResourcesBuildPhase section */

/* Begin PBXSourcesBuildPhase section */
		4B190BA02C77AEF9004083B4 /* Sources */ = {
			isa = PBXSourcesBuildPhase;
			buildActionMask = 2147483647;
			files = (
				4B190BAC2C77AEF9004083B4 /* ViewController.swift in Sources */,
				4B190BA82C77AEF9004083B4 /* AppDelegate.swift in Sources */,
				4B190BAA2C77AEF9004083B4 /* SceneDelegate.swift in Sources */,
			);
			runOnlyForDeploymentPostprocessing = 0;
		};
		4B190BB62C77AEFB004083B4 /* Sources */ = {
			isa = PBXSourcesBuildPhase;
			buildActionMask = 2147483647;
			files = (
				4B190BBF2C77AEFB004083B4 /* iOSTecAppTests.swift in Sources */,
			);
			runOnlyForDeploymentPostprocessing = 0;
		};
		4B190BC02C77AEFB004083B4 /* Sources */ = {
			isa = PBXSourcesBuildPhase;
			buildActionMask = 2147483647;
			files = (
				4B190BC92C77AEFB004083B4 /* iOSTecAppUITests.swift in Sources */,
				4B190BCB2C77AEFB004083B4 /* iOSTecAppUITestsLaunchTests.swift in Sources */,
			);
			runOnlyForDeploymentPostprocessing = 0;
		};
/* End PBXSourcesBuildPhase section */

/* Begin PBXTargetDependency section */
		4B190BBC2C77AEFB004083B4 /* PBXTargetDependency */ = {
			isa = PBXTargetDependency;
			target = 4B190BA32C77AEF9004083B4 /* iOSTecApp */;
			targetProxy = 4B190BBB2C77AEFB004083B4 /* PBXContainerItemProxy */;
		};
		4B190BC62C77AEFB004083B4 /* PBXTargetDependency */ = {
			isa = PBXTargetDependency;
			target = 4B190BA32C77AEF9004083B4 /* iOSTecApp */;
			targetProxy = 4B190BC52C77AEFB004083B4 /* PBXContainerItemProxy */;
		};
/* End PBXTargetDependency section */

/* Begin PBXVariantGroup section */
		4B190BAD2C77AEF9004083B4 /* Main.storyboard */ = {
			isa = PBXVariantGroup;
			children = (
				4B190BAE2C77AEF9004083B4 /* Base */,
			);
			name = Main.storyboard;
			sourceTree = "<group>";
		};
		4B190BB22C77AEFB004083B4 /* LaunchScreen.storyboard */ = {
			isa = PBXVariantGroup;
			children = (
				4B190BB32C77AEFB004083B4 /* Base */,
			);
			name = LaunchScreen.storyboard;
			sourceTree = "<group>";
		};
/* End PBXVariantGroup section */

/* Begin XCBuildConfiguration section */
		4B190BCC2C77AEFB004083B4 /* Debug */ = {
			isa = XCBuildConfiguration;
			buildSettings = {
				ALWAYS_SEARCH_USER_PATHS = NO;
				ASSETCATALOG_COMPILER_GENERATE_SWIFT_ASSET_SYMBOL_EXTENSIONS = YES;
				CLANG_ANALYZER_NONNULL = YES;
				CLANG_ANALYZER_NUMBER_OBJECT_CONVERSION = YES_AGGRESSIVE;
				CLANG_CXX_LANGUAGE_STANDARD = "gnu++20";
				CLANG_ENABLE_MODULES = YES;
				CLANG_ENABLE_OBJC_ARC = YES;
				CLANG_ENABLE_OBJC_WEAK = YES;
				CLANG_WARN_BLOCK_CAPTURE_AUTORELEASING = YES;
				CLANG_WARN_BOOL_CONVERSION = YES;
				CLANG_WARN_COMMA = YES;
				CLANG_WARN_CONSTANT_CONVERSION = YES;
				CLANG_WARN_DEPRECATED_OBJC_IMPLEMENTATIONS = YES;
				CLANG_WARN_DIRECT_OBJC_ISA_USAGE = YES_ERROR;
				CLANG_WARN_DOCUMENTATION_COMMENTS = YES;
				CLANG_WARN_EMPTY_BODY = YES;
				CLANG_WARN_ENUM_CONVERSION = YES;
				CLANG_WARN_INFINITE_RECURSION = YES;
				CLANG_WARN_INT_CONVERSION = YES;
				CLANG_WARN_NON_LITERAL_NULL_CONVERSION = YES;
				CLANG_WARN_OBJC_IMPLICIT_RETAIN_SELF = YES;
				CLANG_WARN_OBJC_LITERAL_CONVERSION = YES;
				CLANG_WARN_OBJC_ROOT_CLASS = YES_ERROR;
				CLANG_WARN_QUOTED_INCLUDE_IN_FRAMEWORK_HEADER = YES;
				CLANG_WARN_RANGE_LOOP_ANALYSIS = YES;
				CLANG_WARN_STRICT_PROTOTYPES = YES;
				CLANG_WARN_SUSPICIOUS_MOVE = YES;
				CLANG_WARN_UNGUARDED_AVAILABILITY = YES_AGGRESSIVE;
				CLANG_WARN_UNREACHABLE_CODE = YES;
				CLANG_WARN__DUPLICATE_METHOD_MATCH = YES;
				COPY_PHASE_STRIP = NO;
				DEBUG_INFORMATION_FORMAT = dwarf;
				ENABLE_STRICT_OBJC_MSGSEND = YES;
				ENABLE_TESTABILITY = YES;
				ENABLE_USER_SCRIPT_SANDBOXING = YES;
				GCC_C_LANGUAGE_STANDARD = gnu17;
				GCC_DYNAMIC_NO_PIC = NO;
				GCC_NO_COMMON_BLOCKS = YES;
				GCC_OPTIMIZATION_LEVEL = 0;
				GCC_PREPROCESSOR_DEFINITIONS = (
					"DEBUG=1",
					"$(inherited)",
				);
				GCC_WARN_64_TO_32_BIT_CONVERSION = YES;
				GCC_WARN_ABOUT_RETURN_TYPE = YES_ERROR;
				GCC_WARN_UNDECLARED_SELECTOR = YES;
				GCC_WARN_UNINITIALIZED_AUTOS = YES_AGGRESSIVE;
				GCC_WARN_UNUSED_FUNCTION = YES;
				GCC_WARN_UNUSED_VARIABLE = YES;
				IPHONEOS_DEPLOYMENT_TARGET = 17.5;
				LOCALIZATION_PREFERS_STRING_CATALOGS = YES;
				MTL_ENABLE_DEBUG_INFO = INCLUDE_SOURCE;
				MTL_FAST_MATH = YES;
				ONLY_ACTIVE_ARCH = YES;
				SDKROOT = iphoneos;
				SWIFT_ACTIVE_COMPILATION_CONDITIONS = "DEBUG $(inherited)";
				SWIFT_OPTIMIZATION_LEVEL = "-Onone";
			};
			name = Debug;
		};
		4B190BCD2C77AEFB004083B4 /* Release */ = {
			isa = XCBuildConfiguration;
			buildSettings = {
				ALWAYS_SEARCH_USER_PATHS = NO;
				ASSETCATALOG_COMPILER_GENERATE_SWIFT_ASSET_SYMBOL_EXTENSIONS = YES;
				CLANG_ANALYZER_NONNULL = YES;
				CLANG_ANALYZER_NUMBER_OBJECT_CONVERSION = YES_AGGRESSIVE;
				CLANG_CXX_LANGUAGE_STANDARD = "gnu++20";
				CLANG_ENABLE_MODULES = YES;
				CLANG_ENABLE_OBJC_ARC = YES;
				CLANG_ENABLE_OBJC_WEAK = YES;
				CLANG_WARN_BLOCK_CAPTURE_AUTORELEASING = YES;
				CLANG_WARN_BOOL_CONVERSION = YES;
				CLANG_WARN_COMMA = YES;
				CLANG_WARN_CONSTANT_CONVERSION = YES;
				CLANG_WARN_DEPRECATED_OBJC_IMPLEMENTATIONS = YES;
				CLANG_WARN_DIRECT_OBJC_ISA_USAGE = YES_ERROR;
				CLANG_WARN_DOCUMENTATION_COMMENTS = YES;
				CLANG_WARN_EMPTY_BODY = YES;
				CLANG_WARN_ENUM_CONVERSION = YES;
				CLANG_WARN_INFINITE_RECURSION = YES;
				CLANG_WARN_INT_CONVERSION = YES;
				CLANG_WARN_NON_LITERAL_NULL_CONVERSION = YES;
				CLANG_WARN_OBJC_IMPLICIT_RETAIN_SELF = YES;
				CLANG_WARN_OBJC_LITERAL_CONVERSION = YES;
				CLANG_WARN_OBJC_ROOT_CLASS = YES_ERROR;
				CLANG_WARN_QUOTED_INCLUDE_IN_FRAMEWORK_HEADER = YES;
				CLANG_WARN_RANGE_LOOP_ANALYSIS = YES;
				CLANG_WARN_STRICT_PROTOTYPES = YES;
				CLANG_WARN_SUSPICIOUS_MOVE = YES;
				CLANG_WARN_UNGUARDED_AVAILABILITY = YES_AGGRESSIVE;
				CLANG_WARN_UNREACHABLE_CODE = YES;
				CLANG_WARN__DUPLICATE_METHOD_MATCH = YES;
				COPY_PHASE_STRIP = NO;
				DEBUG_INFORMATION_FORMAT = "dwarf-with-dsym";
				ENABLE_NS_ASSERTIONS = NO;
				ENABLE_STRICT_OBJC_MSGSEND = YES;
				ENABLE_USER_SCRIPT_SANDBOXING = YES;
				GCC_C_LANGUAGE_STANDARD = gnu17;
				GCC_NO_COMMON_BLOCKS = YES;
				GCC_WARN_64_TO_32_BIT_CONVERSION = YES;
				GCC_WARN_ABOUT_RETURN_TYPE = YES_ERROR;
				GCC_WARN_UNDECLARED_SELECTOR = YES;
				GCC_WARN_UNINITIALIZED_AUTOS = YES_AGGRESSIVE;
				GCC_WARN_UNUSED_FUNCTION = YES;
				GCC_WARN_UNUSED_VARIABLE = YES;
				IPHONEOS_DEPLOYMENT_TARGET = 17.5;
				LOCALIZATION_PREFERS_STRING_CATALOGS = YES;
				MTL_ENABLE_DEBUG_INFO = NO;
				MTL_FAST_MATH = YES;
				SDKROOT = iphoneos;
				SWIFT_COMPILATION_MODE = wholemodule;
				VALIDATE_PRODUCT = YES;
			};
			name = Release;
		};
		4B190BCF2C77AEFB004083B4 /* Debug */ = {
			isa = XCBuildConfiguration;
			buildSettings = {
				ASSETCATALOG_COMPILER_APPICON_NAME = AppIcon;
				ASSETCATALOG_COMPILER_GLOBAL_ACCENT_COLOR_NAME = AccentColor;
				CODE_SIGN_STYLE = Automatic;
				CURRENT_PROJECT_VERSION = 1;
				GENERATE_INFOPLIST_FILE = YES;
				INFOPLIST_FILE = iOSTecApp/Info.plist;
				INFOPLIST_KEY_UIApplicationSupportsIndirectInputEvents = YES;
				INFOPLIST_KEY_UILaunchStoryboardName = LaunchScreen;
				INFOPLIST_KEY_UIMainStoryboardFile = Main;
				INFOPLIST_KEY_UISupportedInterfaceOrientations_iPad = "UIInterfaceOrientationPortrait UIInterfaceOrientationPortraitUpsideDown UIInterfaceOrientationLandscapeLeft UIInterfaceOrientationLandscapeRight";
				INFOPLIST_KEY_UISupportedInterfaceOrientations_iPhone = "UIInterfaceOrientationPortrait UIInterfaceOrientationLandscapeLeft UIInterfaceOrientationLandscapeRight";
				LD_RUNPATH_SEARCH_PATHS = (
					"$(inherited)",
					"@executable_path/Frameworks",
				);
				MARKETING_VERSION = 1.0;
				PRODUCT_BUNDLE_IDENTIFIER = mx.tec.a07133177.iOSTecApp;
				PRODUCT_NAME = "$(TARGET_NAME)";
				SWIFT_EMIT_LOC_STRINGS = YES;
				SWIFT_VERSION = 5.0;
				TARGETED_DEVICE_FAMILY = "1,2";
			};
			name = Debug;
		};
		4B190BD02C77AEFB004083B4 /* Release */ = {
			isa = XCBuildConfiguration;
			buildSettings = {
				ASSETCATALOG_COMPILER_APPICON_NAME = AppIcon;
				ASSETCATALOG_COMPILER_GLOBAL_ACCENT_COLOR_NAME = AccentColor;
				CODE_SIGN_STYLE = Automatic;
				CURRENT_PROJECT_VERSION = 1;
				GENERATE_INFOPLIST_FILE = YES;
				INFOPLIST_FILE = iOSTecApp/Info.plist;
				INFOPLIST_KEY_UIApplicationSupportsIndirectInputEvents = YES;
				INFOPLIST_KEY_UILaunchStoryboardName = LaunchScreen;
				INFOPLIST_KEY_UIMainStoryboardFile = Main;
				INFOPLIST_KEY_UISupportedInterfaceOrientations_iPad = "UIInterfaceOrientationPortrait UIInterfaceOrientationPortraitUpsideDown UIInterfaceOrientationLandscapeLeft UIInterfaceOrientationLandscapeRight";
				INFOPLIST_KEY_UISupportedInterfaceOrientations_iPhone = "UIInterfaceOrientationPortrait UIInterfaceOrientationLandscapeLeft UIInterfaceOrientationLandscapeRight";
				LD_RUNPATH_SEARCH_PATHS = (
					"$(inherited)",
					"@executable_path/Frameworks",
				);
				MARKETING_VERSION = 1.0;
				PRODUCT_BUNDLE_IDENTIFIER = mx.tec.a07133177.iOSTecApp;
				PRODUCT_NAME = "$(TARGET_NAME)";
				SWIFT_EMIT_LOC_STRINGS = YES;
				SWIFT_VERSION = 5.0;
				TARGETED_DEVICE_FAMILY = "1,2";
			};
			name = Release;
		};
		4B190BD22C77AEFB004083B4 /* Debug */ = {
			isa = XCBuildConfiguration;
			buildSettings = {
				ALWAYS_EMBED_SWIFT_STANDARD_LIBRARIES = YES;
				BUNDLE_LOADER = "$(TEST_HOST)";
				CODE_SIGN_STYLE = Automatic;
				CURRENT_PROJECT_VERSION = 1;
				GENERATE_INFOPLIST_FILE = YES;
				IPHONEOS_DEPLOYMENT_TARGET = 17.5;
				MARKETING_VERSION = 1.0;
				PRODUCT_BUNDLE_IDENTIFIER = mx.tec.a07133177.iOSTecAppTests;
				PRODUCT_NAME = "$(TARGET_NAME)";
				SWIFT_EMIT_LOC_STRINGS = NO;
				SWIFT_VERSION = 5.0;
				TARGETED_DEVICE_FAMILY = "1,2";
				TEST_HOST = "$(BUILT_PRODUCTS_DIR)/iOSTecApp.app/$(BUNDLE_EXECUTABLE_FOLDER_PATH)/iOSTecApp";
			};
			name = Debug;
		};
		4B190BD32C77AEFB004083B4 /* Release */ = {
			isa = XCBuildConfiguration;
			buildSettings = {
				ALWAYS_EMBED_SWIFT_STANDARD_LIBRARIES = YES;
				BUNDLE_LOADER = "$(TEST_HOST)";
				CODE_SIGN_STYLE = Automatic;
				CURRENT_PROJECT_VERSION = 1;
				GENERATE_INFOPLIST_FILE = YES;
				IPHONEOS_DEPLOYMENT_TARGET = 17.5;
				MARKETING_VERSION = 1.0;
				PRODUCT_BUNDLE_IDENTIFIER = mx.tec.a07133177.iOSTecAppTests;
				PRODUCT_NAME = "$(TARGET_NAME)";
				SWIFT_EMIT_LOC_STRINGS = NO;
				SWIFT_VERSION = 5.0;
				TARGETED_DEVICE_FAMILY = "1,2";
				TEST_HOST = "$(BUILT_PRODUCTS_DIR)/iOSTecApp.app/$(BUNDLE_EXECUTABLE_FOLDER_PATH)/iOSTecApp";
			};
			name = Release;
		};
		4B190BD52C77AEFB004083B4 /* Debug */ = {
			isa = XCBuildConfiguration;
			buildSettings = {
				ALWAYS_EMBED_SWIFT_STANDARD_LIBRARIES = YES;
				CODE_SIGN_STYLE = Automatic;
				CURRENT_PROJECT_VERSION = 1;
				GENERATE_INFOPLIST_FILE = YES;
				MARKETING_VERSION = 1.0;
				PRODUCT_BUNDLE_IDENTIFIER = mx.tec.a07133177.iOSTecAppUITests;
				PRODUCT_NAME = "$(TARGET_NAME)";
				SWIFT_EMIT_LOC_STRINGS = NO;
				SWIFT_VERSION = 5.0;
				TARGETED_DEVICE_FAMILY = "1,2";
				TEST_TARGET_NAME = iOSTecApp;
			};
			name = Debug;
		};
		4B190BD62C77AEFB004083B4 /* Release */ = {
			isa = XCBuildConfiguration;
			buildSettings = {
				ALWAYS_EMBED_SWIFT_STANDARD_LIBRARIES = YES;
				CODE_SIGN_STYLE = Automatic;
				CURRENT_PROJECT_VERSION = 1;
				GENERATE_INFOPLIST_FILE = YES;
				MARKETING_VERSION = 1.0;
				PRODUCT_BUNDLE_IDENTIFIER = mx.tec.a07133177.iOSTecAppUITests;
				PRODUCT_NAME = "$(TARGET_NAME)";
				SWIFT_EMIT_LOC_STRINGS = NO;
				SWIFT_VERSION = 5.0;
				TARGETED_DEVICE_FAMILY = "1,2";
				TEST_TARGET_NAME = iOSTecApp;
			};
			name = Release;
		};
/* End XCBuildConfiguration section */

/* Begin XCConfigurationList section */
		4B190B9F2C77AEF9004083B4 /* Build configuration list for PBXProject "iOSTecApp" */ = {
			isa = XCConfigurationList;
			buildConfigurations = (
				4B190BCC2C77AEFB004083B4 /* Debug */,
				4B190BCD2C77AEFB004083B4 /* Release */,
			);
			defaultConfigurationIsVisible = 0;
			defaultConfigurationName = Release;
		};
		4B190BCE2C77AEFB004083B4 /* Build configuration list for PBXNativeTarget "iOSTecApp" */ = {
			isa = XCConfigurationList;
			buildConfigurations = (
				4B190BCF2C77AEFB004083B4 /* Debug */,
				4B190BD02C77AEFB004083B4 /* Release */,
			);
			defaultConfigurationIsVisible = 0;
			defaultConfigurationName = Release;
		};
		4B190BD12C77AEFB004083B4 /* Build configuration list for PBXNativeTarget "iOSTecAppTests" */ = {
			isa = XCConfigurationList;
			buildConfigurations = (
				4B190BD22C77AEFB004083B4 /* Debug */,
				4B190BD32C77AEFB004083B4 /* Release */,
			);
			defaultConfigurationIsVisible = 0;
			defaultConfigurationName = Release;
		};
		4B190BD42C77AEFB004083B4 /* Build configuration list for PBXNativeTarget "iOSTecAppUITests" */ = {
			isa = XCConfigurationList;
			buildConfigurations = (
				4B190BD52C77AEFB004083B4 /* Debug */,
				4B190BD62C77AEFB004083B4 /* Release */,
			);
			defaultConfigurationIsVisible = 0;
			defaultConfigurationName = Release;
		};
/* End XCConfigurationList section */
	};
	rootObject = 4B190B9C2C77AEF9004083B4 /* Project object */;
}
